
Microsoft Visual Studio Solution File, Format Version 12.00
# Visual Studio Version 17
VisualStudioVersion = 17.5.33516.290
MinimumVisualStudioVersion = 10.0.40219.1
Project("{FAE04EC0-301F-11D3-BF4B-00C04F79EFBC}") = "Course_Work", "Course_Work\Course_Work.csproj", "{81D5695D-7763-4F59-AFC2-ECD0376B570E}"
EndProject
Global
	GlobalSection(SolutionConfigurationPlatforms) = preSolution
		Debug|Any CPU = Debug|Any CPU
		Release|Any CPU = Release|Any CPU
	EndGlobalSection
	GlobalSection(ProjectConfigurationPlatforms) = postSolution
		{81D5695D-7763-4F59-AFC2-ECD0376B570E}.Debug|Any CPU.ActiveCfg = Debug|Any CPU
		{81D5695D-7763-4F59-AFC2-ECD0376B570E}.Debug|Any CPU.Build.0 = Debug|Any CPU
		{81D5695D-7763-4F59-AFC2-ECD0376B570E}.Release|Any CPU.ActiveCfg = Release|Any CPU
		{81D5695D-7763-4F59-AFC2-ECD0376B570E}.Release|Any CPU.Build.0 = Release|Any CPU
	EndGlobalSection
	GlobalSection(SolutionProperties) = preSolution
		HideSolutionNode = FALSE
	EndGlobalSection
	GlobalSection(ExtensibilityGlobals) = postSolution
		SolutionGuid = {57414FD5-13DE-4AB8-BE23-3DA23FD634A3}
	EndGlobalSection
EndGlobal
